
Microsoft Visual Studio Solution File, Format Version 12.00
# Visual Studio Version 16
VisualStudioVersion = 16.0.31112.23
MinimumVisualStudioVersion = 10.0.40219.1
Project("{FAE04EC0-301F-11D3-BF4B-00C04F79EFBC}") = "Ejercitacion9", "Ejercitacion9\Ejercitacion9.csproj", "{3F9B5D4D-D57B-408B-89BA-50F9A9ED10AE}"
EndProject
Global
	GlobalSection(SolutionConfigurationPlatforms) = preSolution
		Debug|Any CPU = Debug|Any CPU
		Release|Any CPU = Release|Any CPU
	EndGlobalSection
	GlobalSection(ProjectConfigurationPlatforms) = postSolution
		{3F9B5D4D-D57B-408B-89BA-50F9A9ED10AE}.Debug|Any CPU.ActiveCfg = Debug|Any CPU
		{3F9B5D4D-D57B-408B-89BA-50F9A9ED10AE}.Debug|Any CPU.Build.0 = Debug|Any CPU
		{3F9B5D4D-D57B-408B-89BA-50F9A9ED10AE}.Release|Any CPU.ActiveCfg = Release|Any CPU
		{3F9B5D4D-D57B-408B-89BA-50F9A9ED10AE}.Release|Any CPU.Build.0 = Release|Any CPU
	EndGlobalSection
	GlobalSection(SolutionProperties) = preSolution
		HideSolutionNode = FALSE
	EndGlobalSection
	GlobalSection(ExtensibilityGlobals) = postSolution
		SolutionGuid = {E483B2C5-64F4-4408-9950-C959CC1828B6}
	EndGlobalSection
EndGlobal
